
Microsoft Visual Studio Solution File, Format Version 12.00
Project("{2150E333-8FDC-42A3-9474-1A3956D46DE8}") = "Common", "Common", "{B005A685-E311-408D-8A42-98A927795C5C}"
EndProject
Project("{2150E333-8FDC-42A3-9474-1A3956D46DE8}") = "Tests", "Tests", "{280588B9-AD6A-43B6-AF85-1E2266100D30}"
EndProject
Project("{2150E333-8FDC-42A3-9474-1A3956D46DE8}") = "AspNetCore", "AspNetCore", "{AD216135-EEDE-4ADE-B516-4F2B8C493FC3}"
EndProject
Project("{2150E333-8FDC-42A3-9474-1A3956D46DE8}") = "Tools", "Tools", "{F7B2C430-F4B8-4751-ABE0-32B881C48F85}"
EndProject
Project("{FAE04EC0-301F-11D3-BF4B-00C04F79EFBC}") = "Ngs.Common.AspNetCore", "Common\Ngs.Common.AspNetCore\Ngs.Common.AspNetCore.csproj", "{71A6FAA5-7B16-485F-9EDB-1295C2EF72D3}"
EndProject
Project("{FAE04EC0-301F-11D3-BF4B-00C04F79EFBC}") = "Ngs.Common.AspNetCore.AccessControl", "Common\Ngs.Common.AspNetCore.AccessControl\Ngs.Common.AspNetCore.AccessControl.csproj", "{14E4D7CA-EF31-4E60-AE18-DF93D9B44939}"
EndProject
Project("{FAE04EC0-301F-11D3-BF4B-00C04F79EFBC}") = "Ngs.Common.AspNetCore.DataSower", "Common\Ngs.Common.AspNetCore.DataSower\Ngs.Common.AspNetCore.DataSower.csproj", "{A9A6CA25-9274-4F43-B645-72C3E23517F1}"
EndProject
Project("{FAE04EC0-301F-11D3-BF4B-00C04F79EFBC}") = "Ngs.Common.AspNetCore.FluentFlow", "Common\Ngs.Common.AspNetCore.FluentFlow\Ngs.Common.AspNetCore.FluentFlow.csproj", "{1A5814B0-6181-419E-B4BC-9299CDC9010D}"
EndProject
Project("{FAE04EC0-301F-11D3-BF4B-00C04F79EFBC}") = "Ngs.Common.AspNetCore.Infrastructure", "Common\Ngs.Common.AspNetCore.Infrastructure\Ngs.Common.AspNetCore.Infrastructure.csproj", "{A5F360C7-A202-4750-A4BD-EEB27672FE7C}"
EndProject
Project("{FAE04EC0-301F-11D3-BF4B-00C04F79EFBC}") = "Ngs.Common.AspNetCore.Notify", "Common\Ngs.Common.AspNetCore.Notify\Ngs.Common.AspNetCore.Notify.csproj", "{73DCA139-A6DA-4EB4-8ABD-E5834F63227E}"
EndProject
Project("{FAE04EC0-301F-11D3-BF4B-00C04F79EFBC}") = "Ngs.Common.AspNetCore.Storage", "Common\Ngs.Common.AspNetCore.Storage\Ngs.Common.AspNetCore.Storage.csproj", "{BF7A6F94-7E8B-4090-A6C3-901DCEFD212E}"
EndProject
Project("{FAE04EC0-301F-11D3-BF4B-00C04F79EFBC}") = "Ngs.Common.AspNetCore.Tools", "Common\Ngs.Common.AspNetCore.Tools\Ngs.Common.AspNetCore.Tools.csproj", "{B3B24692-A735-440A-BD80-E665E31122FC}"
EndProject
Project("{FAE04EC0-301F-11D3-BF4B-00C04F79EFBC}") = "Ngs.Common.File", "Common\Ngs.Common.File\Ngs.Common.File.csproj", "{25B95D51-64B1-4328-9C1F-3919571ADC81}"
EndProject
Project("{FAE04EC0-301F-11D3-BF4B-00C04F79EFBC}") = "Ngs.Common.Tools.Color", "Common\Ngs.Common.Tools.Color\Ngs.Common.Tools.Color.csproj", "{68AA33B8-B02A-41E2-940F-5A052B607B1F}"
EndProject
Project("{FAE04EC0-301F-11D3-BF4B-00C04F79EFBC}") = "Ngs.Common.Tools.Conversion", "Common\Ngs.Common.Tools.Conversion\Ngs.Common.Tools.Conversion.csproj", "{179E6CFD-E853-4982-B34C-B8B9F48398F6}"
EndProject
Project("{FAE04EC0-301F-11D3-BF4B-00C04F79EFBC}") = "Ngs.Common.Tools.Image", "Common\Ngs.Common.Tools.Image\Ngs.Common.Tools.Image.csproj", "{9A803EAA-1CEC-4C6F-B5D8-F04DE54A5C4B}"
EndProject
Project("{FAE04EC0-301F-11D3-BF4B-00C04F79EFBC}") = "Ngs.Common.File.Tests", "CommonTests\Ngs.Common.File.Tests\Ngs.Common.File.Tests.csproj", "{0C4C62DD-0AEC-4EAC-A3D0-6AA90FB02162}"
EndProject
Project("{FAE04EC0-301F-11D3-BF4B-00C04F79EFBC}") = "Ngs.Common.AspNetCore.Notify.Tests", "CommonTests\Ngs.Common.AspNetCore.Notify.Tests\Ngs.Common.AspNetCore.Notify.Tests.csproj", "{2D7BBA8E-ED19-4FB3-A9D0-40CCD34BA6A9}"
EndProject
Project("{FAE04EC0-301F-11D3-BF4B-00C04F79EFBC}") = "Ngs.Common.Tools.Color.Tests", "CommonTests\Ngs.Common.Tools.Color.Tests\Ngs.Common.Tools.Color.Tests.csproj", "{806FE255-092D-4A69-A43E-B4A552564DA2}"
EndProject
Project("{FAE04EC0-301F-11D3-BF4B-00C04F79EFBC}") = "Ngs.Common.Tools.Conversion.Tests", "CommonTests\Ngs.Common.Tools.Conversion.Tests\Ngs.Common.Tools.Conversion.Tests.csproj", "{0DDEC836-472D-4586-8BA2-4C4E9E0BC639}"
EndProject
Project("{FAE04EC0-301F-11D3-BF4B-00C04F79EFBC}") = "Ngs.Common.AspNetCore.Mongo.Infrastructure", "Common\Ngs.Common.AspNetCore.Mongo.Infrastructure\Ngs.Common.AspNetCore.Mongo.Infrastructure.csproj", "{AEE27EDD-B491-4CFB-8848-D31CCA3CAE29}"
EndProject
Project("{FAE04EC0-301F-11D3-BF4B-00C04F79EFBC}") = "Ngs.Common.AspNetCore.DataSower.Example", "Examples\Ngs.Common.AspNetCore.DataSower.Example\Ngs.Common.AspNetCore.DataSower.Example.csproj", "{461FF9F0-4115-474D-84C0-9B333FBD44E6}"
EndProject
Project("{2150E333-8FDC-42A3-9474-1A3956D46DE8}") = "Examples", "Examples", "{AB0C4BE0-75F6-4089-B0AE-BD287242CB72}"
EndProject
Project("{FAE04EC0-301F-11D3-BF4B-00C04F79EFBC}") = "Ngs.Common.AspNetCore.AccessControl.Example", "Examples\Ngs.Common.AspNetCore.AccessControl.Example\Ngs.Common.AspNetCore.AccessControl.Example.csproj", "{EE9A70F1-3BB0-4A5C-A008-B45A33F7C585}"
EndProject
Project("{FAE04EC0-301F-11D3-BF4B-00C04F79EFBC}") = "Ngs.Common.AspNetCore.Infrastructure.Example", "Examples\Ngs.Common.AspNetCore.Infrastructure.Example\Ngs.Common.AspNetCore.Infrastructure.Example.csproj", "{2531EA99-15CE-48BC-A3D2-094ED952E238}"
EndProject
Project("{FAE04EC0-301F-11D3-BF4B-00C04F79EFBC}") = "Ngs.Common.AspNetCore.Storage.Example", "Examples\Ngs.Common.AspNetCore.Storage.Example\Ngs.Common.AspNetCore.Storage.Example.csproj", "{B4FAB922-F857-4818-93BC-E629CF6F3551}"
EndProject
Project("{FAE04EC0-301F-11D3-BF4B-00C04F79EFBC}") = "Ngs.Common.AspNetCore.Storage.Tests", "Ngs.Common.AspNetCore.Storage.Tests\Ngs.Common.AspNetCore.Storage.Tests.csproj", "{3A52E11C-9DEB-496D-A7B3-F6E79ABDAEB4}"
EndProject
Global
	GlobalSection(SolutionConfigurationPlatforms) = preSolution
		Debug|Any CPU = Debug|Any CPU
		Release|Any CPU = Release|Any CPU
	EndGlobalSection
	GlobalSection(ProjectConfigurationPlatforms) = postSolution
		{71A6FAA5-7B16-485F-9EDB-1295C2EF72D3}.Debug|Any CPU.ActiveCfg = Debug|Any CPU
		{71A6FAA5-7B16-485F-9EDB-1295C2EF72D3}.Debug|Any CPU.Build.0 = Debug|Any CPU
		{71A6FAA5-7B16-485F-9EDB-1295C2EF72D3}.Release|Any CPU.ActiveCfg = Release|Any CPU
		{71A6FAA5-7B16-485F-9EDB-1295C2EF72D3}.Release|Any CPU.Build.0 = Release|Any CPU
		{14E4D7CA-EF31-4E60-AE18-DF93D9B44939}.Debug|Any CPU.ActiveCfg = Debug|Any CPU
		{14E4D7CA-EF31-4E60-AE18-DF93D9B44939}.Debug|Any CPU.Build.0 = Debug|Any CPU
		{14E4D7CA-EF31-4E60-AE18-DF93D9B44939}.Release|Any CPU.ActiveCfg = Release|Any CPU
		{14E4D7CA-EF31-4E60-AE18-DF93D9B44939}.Release|Any CPU.Build.0 = Release|Any CPU
		{A9A6CA25-9274-4F43-B645-72C3E23517F1}.Debug|Any CPU.ActiveCfg = Debug|Any CPU
		{A9A6CA25-9274-4F43-B645-72C3E23517F1}.Debug|Any CPU.Build.0 = Debug|Any CPU
		{A9A6CA25-9274-4F43-B645-72C3E23517F1}.Release|Any CPU.ActiveCfg = Release|Any CPU
		{A9A6CA25-9274-4F43-B645-72C3E23517F1}.Release|Any CPU.Build.0 = Release|Any CPU
		{1A5814B0-6181-419E-B4BC-9299CDC9010D}.Debug|Any CPU.ActiveCfg = Debug|Any CPU
		{1A5814B0-6181-419E-B4BC-9299CDC9010D}.Debug|Any CPU.Build.0 = Debug|Any CPU
		{1A5814B0-6181-419E-B4BC-9299CDC9010D}.Release|Any CPU.ActiveCfg = Release|Any CPU
		{1A5814B0-6181-419E-B4BC-9299CDC9010D}.Release|Any CPU.Build.0 = Release|Any CPU
		{A5F360C7-A202-4750-A4BD-EEB27672FE7C}.Debug|Any CPU.ActiveCfg = Debug|Any CPU
		{A5F360C7-A202-4750-A4BD-EEB27672FE7C}.Debug|Any CPU.Build.0 = Debug|Any CPU
		{A5F360C7-A202-4750-A4BD-EEB27672FE7C}.Release|Any CPU.ActiveCfg = Release|Any CPU
		{A5F360C7-A202-4750-A4BD-EEB27672FE7C}.Release|Any CPU.Build.0 = Release|Any CPU
		{73DCA139-A6DA-4EB4-8ABD-E5834F63227E}.Debug|Any CPU.ActiveCfg = Debug|Any CPU
		{73DCA139-A6DA-4EB4-8ABD-E5834F63227E}.Debug|Any CPU.Build.0 = Debug|Any CPU
		{73DCA139-A6DA-4EB4-8ABD-E5834F63227E}.Release|Any CPU.ActiveCfg = Release|Any CPU
		{73DCA139-A6DA-4EB4-8ABD-E5834F63227E}.Release|Any CPU.Build.0 = Release|Any CPU
		{BF7A6F94-7E8B-4090-A6C3-901DCEFD212E}.Debug|Any CPU.ActiveCfg = Debug|Any CPU
		{BF7A6F94-7E8B-4090-A6C3-901DCEFD212E}.Debug|Any CPU.Build.0 = Debug|Any CPU
		{BF7A6F94-7E8B-4090-A6C3-901DCEFD212E}.Release|Any CPU.ActiveCfg = Release|Any CPU
		{BF7A6F94-7E8B-4090-A6C3-901DCEFD212E}.Release|Any CPU.Build.0 = Release|Any CPU
		{B3B24692-A735-440A-BD80-E665E31122FC}.Debug|Any CPU.ActiveCfg = Debug|Any CPU
		{B3B24692-A735-440A-BD80-E665E31122FC}.Debug|Any CPU.Build.0 = Debug|Any CPU
		{B3B24692-A735-440A-BD80-E665E31122FC}.Release|Any CPU.ActiveCfg = Release|Any CPU
		{B3B24692-A735-440A-BD80-E665E31122FC}.Release|Any CPU.Build.0 = Release|Any CPU
		{25B95D51-64B1-4328-9C1F-3919571ADC81}.Debug|Any CPU.ActiveCfg = Debug|Any CPU
		{25B95D51-64B1-4328-9C1F-3919571ADC81}.Debug|Any CPU.Build.0 = Debug|Any CPU
		{25B95D51-64B1-4328-9C1F-3919571ADC81}.Release|Any CPU.ActiveCfg = Release|Any CPU
		{25B95D51-64B1-4328-9C1F-3919571ADC81}.Release|Any CPU.Build.0 = Release|Any CPU
		{68AA33B8-B02A-41E2-940F-5A052B607B1F}.Debug|Any CPU.ActiveCfg = Debug|Any CPU
		{68AA33B8-B02A-41E2-940F-5A052B607B1F}.Debug|Any CPU.Build.0 = Debug|Any CPU
		{68AA33B8-B02A-41E2-940F-5A052B607B1F}.Release|Any CPU.ActiveCfg = Release|Any CPU
		{68AA33B8-B02A-41E2-940F-5A052B607B1F}.Release|Any CPU.Build.0 = Release|Any CPU
		{179E6CFD-E853-4982-B34C-B8B9F48398F6}.Debug|Any CPU.ActiveCfg = Debug|Any CPU
		{179E6CFD-E853-4982-B34C-B8B9F48398F6}.Debug|Any CPU.Build.0 = Debug|Any CPU
		{179E6CFD-E853-4982-B34C-B8B9F48398F6}.Release|Any CPU.ActiveCfg = Release|Any CPU
		{179E6CFD-E853-4982-B34C-B8B9F48398F6}.Release|Any CPU.Build.0 = Release|Any CPU
		{9A803EAA-1CEC-4C6F-B5D8-F04DE54A5C4B}.Debug|Any CPU.ActiveCfg = Debug|Any CPU
		{9A803EAA-1CEC-4C6F-B5D8-F04DE54A5C4B}.Debug|Any CPU.Build.0 = Debug|Any CPU
		{9A803EAA-1CEC-4C6F-B5D8-F04DE54A5C4B}.Release|Any CPU.ActiveCfg = Release|Any CPU
		{9A803EAA-1CEC-4C6F-B5D8-F04DE54A5C4B}.Release|Any CPU.Build.0 = Release|Any CPU
		{0C4C62DD-0AEC-4EAC-A3D0-6AA90FB02162}.Debug|Any CPU.ActiveCfg = Debug|Any CPU
		{0C4C62DD-0AEC-4EAC-A3D0-6AA90FB02162}.Debug|Any CPU.Build.0 = Debug|Any CPU
		{0C4C62DD-0AEC-4EAC-A3D0-6AA90FB02162}.Release|Any CPU.ActiveCfg = Release|Any CPU
		{0C4C62DD-0AEC-4EAC-A3D0-6AA90FB02162}.Release|Any CPU.Build.0 = Release|Any CPU
		{2D7BBA8E-ED19-4FB3-A9D0-40CCD34BA6A9}.Debug|Any CPU.ActiveCfg = Debug|Any CPU
		{2D7BBA8E-ED19-4FB3-A9D0-40CCD34BA6A9}.Debug|Any CPU.Build.0 = Debug|Any CPU
		{2D7BBA8E-ED19-4FB3-A9D0-40CCD34BA6A9}.Release|Any CPU.ActiveCfg = Release|Any CPU
		{2D7BBA8E-ED19-4FB3-A9D0-40CCD34BA6A9}.Release|Any CPU.Build.0 = Release|Any CPU
		{806FE255-092D-4A69-A43E-B4A552564DA2}.Debug|Any CPU.ActiveCfg = Debug|Any CPU
		{806FE255-092D-4A69-A43E-B4A552564DA2}.Debug|Any CPU.Build.0 = Debug|Any CPU
		{806FE255-092D-4A69-A43E-B4A552564DA2}.Release|Any CPU.ActiveCfg = Release|Any CPU
		{806FE255-092D-4A69-A43E-B4A552564DA2}.Release|Any CPU.Build.0 = Release|Any CPU
		{0DDEC836-472D-4586-8BA2-4C4E9E0BC639}.Debug|Any CPU.ActiveCfg = Debug|Any CPU
		{0DDEC836-472D-4586-8BA2-4C4E9E0BC639}.Debug|Any CPU.Build.0 = Debug|Any CPU
		{0DDEC836-472D-4586-8BA2-4C4E9E0BC639}.Release|Any CPU.ActiveCfg = Release|Any CPU
		{0DDEC836-472D-4586-8BA2-4C4E9E0BC639}.Release|Any CPU.Build.0 = Release|Any CPU
		{AEE27EDD-B491-4CFB-8848-D31CCA3CAE29}.Debug|Any CPU.ActiveCfg = Debug|Any CPU
		{AEE27EDD-B491-4CFB-8848-D31CCA3CAE29}.Debug|Any CPU.Build.0 = Debug|Any CPU
		{AEE27EDD-B491-4CFB-8848-D31CCA3CAE29}.Release|Any CPU.ActiveCfg = Release|Any CPU
		{AEE27EDD-B491-4CFB-8848-D31CCA3CAE29}.Release|Any CPU.Build.0 = Release|Any CPU
		{461FF9F0-4115-474D-84C0-9B333FBD44E6}.Debug|Any CPU.ActiveCfg = Debug|Any CPU
		{461FF9F0-4115-474D-84C0-9B333FBD44E6}.Debug|Any CPU.Build.0 = Debug|Any CPU
		{461FF9F0-4115-474D-84C0-9B333FBD44E6}.Release|Any CPU.ActiveCfg = Release|Any CPU
		{461FF9F0-4115-474D-84C0-9B333FBD44E6}.Release|Any CPU.Build.0 = Release|Any CPU
		{EE9A70F1-3BB0-4A5C-A008-B45A33F7C585}.Debug|Any CPU.ActiveCfg = Debug|Any CPU
		{EE9A70F1-3BB0-4A5C-A008-B45A33F7C585}.Debug|Any CPU.Build.0 = Debug|Any CPU
		{EE9A70F1-3BB0-4A5C-A008-B45A33F7C585}.Release|Any CPU.ActiveCfg = Release|Any CPU
		{EE9A70F1-3BB0-4A5C-A008-B45A33F7C585}.Release|Any CPU.Build.0 = Release|Any CPU
		{2531EA99-15CE-48BC-A3D2-094ED952E238}.Debug|Any CPU.ActiveCfg = Debug|Any CPU
		{2531EA99-15CE-48BC-A3D2-094ED952E238}.Debug|Any CPU.Build.0 = Debug|Any CPU
		{2531EA99-15CE-48BC-A3D2-094ED952E238}.Release|Any CPU.ActiveCfg = Release|Any CPU
		{2531EA99-15CE-48BC-A3D2-094ED952E238}.Release|Any CPU.Build.0 = Release|Any CPU
		{B4FAB922-F857-4818-93BC-E629CF6F3551}.Debug|Any CPU.ActiveCfg = Debug|Any CPU
		{B4FAB922-F857-4818-93BC-E629CF6F3551}.Debug|Any CPU.Build.0 = Debug|Any CPU
		{B4FAB922-F857-4818-93BC-E629CF6F3551}.Release|Any CPU.ActiveCfg = Release|Any CPU
		{B4FAB922-F857-4818-93BC-E629CF6F3551}.Release|Any CPU.Build.0 = Release|Any CPU
		{3A52E11C-9DEB-496D-A7B3-F6E79ABDAEB4}.Debug|Any CPU.ActiveCfg = Debug|Any CPU
		{3A52E11C-9DEB-496D-A7B3-F6E79ABDAEB4}.Debug|Any CPU.Build.0 = Debug|Any CPU
		{3A52E11C-9DEB-496D-A7B3-F6E79ABDAEB4}.Release|Any CPU.ActiveCfg = Release|Any CPU
		{3A52E11C-9DEB-496D-A7B3-F6E79ABDAEB4}.Release|Any CPU.Build.0 = Release|Any CPU
	EndGlobalSection
	GlobalSection(NestedProjects) = preSolution
		{AD216135-EEDE-4ADE-B516-4F2B8C493FC3} = {B005A685-E311-408D-8A42-98A927795C5C}
		{F7B2C430-F4B8-4751-ABE0-32B881C48F85} = {B005A685-E311-408D-8A42-98A927795C5C}
		{71A6FAA5-7B16-485F-9EDB-1295C2EF72D3} = {AD216135-EEDE-4ADE-B516-4F2B8C493FC3}
		{14E4D7CA-EF31-4E60-AE18-DF93D9B44939} = {AD216135-EEDE-4ADE-B516-4F2B8C493FC3}
		{A9A6CA25-9274-4F43-B645-72C3E23517F1} = {AD216135-EEDE-4ADE-B516-4F2B8C493FC3}
		{1A5814B0-6181-419E-B4BC-9299CDC9010D} = {AD216135-EEDE-4ADE-B516-4F2B8C493FC3}
		{A5F360C7-A202-4750-A4BD-EEB27672FE7C} = {AD216135-EEDE-4ADE-B516-4F2B8C493FC3}
		{73DCA139-A6DA-4EB4-8ABD-E5834F63227E} = {AD216135-EEDE-4ADE-B516-4F2B8C493FC3}
		{BF7A6F94-7E8B-4090-A6C3-901DCEFD212E} = {AD216135-EEDE-4ADE-B516-4F2B8C493FC3}
		{B3B24692-A735-440A-BD80-E665E31122FC} = {AD216135-EEDE-4ADE-B516-4F2B8C493FC3}
		{68AA33B8-B02A-41E2-940F-5A052B607B1F} = {F7B2C430-F4B8-4751-ABE0-32B881C48F85}
		{179E6CFD-E853-4982-B34C-B8B9F48398F6} = {F7B2C430-F4B8-4751-ABE0-32B881C48F85}
		{9A803EAA-1CEC-4C6F-B5D8-F04DE54A5C4B} = {F7B2C430-F4B8-4751-ABE0-32B881C48F85}
		{0C4C62DD-0AEC-4EAC-A3D0-6AA90FB02162} = {280588B9-AD6A-43B6-AF85-1E2266100D30}
		{2D7BBA8E-ED19-4FB3-A9D0-40CCD34BA6A9} = {280588B9-AD6A-43B6-AF85-1E2266100D30}
		{806FE255-092D-4A69-A43E-B4A552564DA2} = {280588B9-AD6A-43B6-AF85-1E2266100D30}
		{0DDEC836-472D-4586-8BA2-4C4E9E0BC639} = {280588B9-AD6A-43B6-AF85-1E2266100D30}
		{AEE27EDD-B491-4CFB-8848-D31CCA3CAE29} = {AD216135-EEDE-4ADE-B516-4F2B8C493FC3}
		{461FF9F0-4115-474D-84C0-9B333FBD44E6} = {AB0C4BE0-75F6-4089-B0AE-BD287242CB72}
		{EE9A70F1-3BB0-4A5C-A008-B45A33F7C585} = {AB0C4BE0-75F6-4089-B0AE-BD287242CB72}
		{2531EA99-15CE-48BC-A3D2-094ED952E238} = {AB0C4BE0-75F6-4089-B0AE-BD287242CB72}
		{25B95D51-64B1-4328-9C1F-3919571ADC81} = {F7B2C430-F4B8-4751-ABE0-32B881C48F85}
		{B4FAB922-F857-4818-93BC-E629CF6F3551} = {AB0C4BE0-75F6-4089-B0AE-BD287242CB72}
		{3A52E11C-9DEB-496D-A7B3-F6E79ABDAEB4} = {280588B9-AD6A-43B6-AF85-1E2266100D30}
	EndGlobalSection
EndGlobal
