
Microsoft Visual Studio Solution File, Format Version 12.00
Project("{2150E333-8FDC-42A3-9474-1A3956D46DE8}") = "Common", "Common", "{B005A685-E311-408D-8A42-98A927795C5C}"
EndProject
Project("{2150E333-8FDC-42A3-9474-1A3956D46DE8}") = "Tests", "Tests", "{280588B9-AD6A-43B6-AF85-1E2266100D30}"
EndProject
Project("{2150E333-8FDC-42A3-9474-1A3956D46DE8}") = "Microservices", "Microservices", "{42457278-B5B1-4D1B-BD35-669327D2866B}"
EndProject
Project("{2150E333-8FDC-42A3-9474-1A3956D46DE8}") = "AspNetCore", "AspNetCore", "{AD216135-EEDE-4ADE-B516-4F2B8C493FC3}"
EndProject
Project("{2150E333-8FDC-42A3-9474-1A3956D46DE8}") = "Tools", "Tools", "{F7B2C430-F4B8-4751-ABE0-32B881C48F85}"
EndProject
Project("{FAE04EC0-301F-11D3-BF4B-00C04F79EFBC}") = "Ngs.Common.AspNetCore", "Common\Ngs.Common.AspNetCore\Ngs.Common.AspNetCore.csproj", "{71A6FAA5-7B16-485F-9EDB-1295C2EF72D3}"
EndProject
Project("{FAE04EC0-301F-11D3-BF4B-00C04F79EFBC}") = "Ngs.Common.AspNetCore.AccessControl", "Common\Ngs.Common.AspNetCore.AccessControl\Ngs.Common.AspNetCore.AccessControl.csproj", "{14E4D7CA-EF31-4E60-AE18-DF93D9B44939}"
EndProject
Project("{FAE04EC0-301F-11D3-BF4B-00C04F79EFBC}") = "Ngs.Common.AspNetCore.DataSower", "Common\Ngs.Common.AspNetCore.DataSower\Ngs.Common.AspNetCore.DataSower.csproj", "{A9A6CA25-9274-4F43-B645-72C3E23517F1}"
EndProject
Project("{FAE04EC0-301F-11D3-BF4B-00C04F79EFBC}") = "Ngs.Common.AspNetCore.FluentFlow", "Common\Ngs.Common.AspNetCore.FluentFlow\Ngs.Common.AspNetCore.FluentFlow.csproj", "{1A5814B0-6181-419E-B4BC-9299CDC9010D}"
EndProject
Project("{FAE04EC0-301F-11D3-BF4B-00C04F79EFBC}") = "Ngs.Common.AspNetCore.Infrastructure", "Common\Ngs.Common.AspNetCore.Infrastructure\Ngs.Common.AspNetCore.Infrastructure.csproj", "{A5F360C7-A202-4750-A4BD-EEB27672FE7C}"
EndProject
Project("{FAE04EC0-301F-11D3-BF4B-00C04F79EFBC}") = "Ngs.Common.AspNetCore.Notify", "Common\Ngs.Common.AspNetCore.Notify\Ngs.Common.AspNetCore.Notify.csproj", "{73DCA139-A6DA-4EB4-8ABD-E5834F63227E}"
EndProject
Project("{FAE04EC0-301F-11D3-BF4B-00C04F79EFBC}") = "Ngs.Common.AspNetCore.Storage", "Common\Ngs.Common.AspNetCore.Storage\Ngs.Common.AspNetCore.Storage.csproj", "{BF7A6F94-7E8B-4090-A6C3-901DCEFD212E}"
EndProject
Project("{FAE04EC0-301F-11D3-BF4B-00C04F79EFBC}") = "Ngs.Common.AspNetCore.Tools", "Common\Ngs.Common.AspNetCore.Tools\Ngs.Common.AspNetCore.Tools.csproj", "{B3B24692-A735-440A-BD80-E665E31122FC}"
EndProject
Project("{FAE04EC0-301F-11D3-BF4B-00C04F79EFBC}") = "Ngs.Common.CryptoShield", "Common\Ngs.Common.CryptoShield\Ngs.Common.CryptoShield.csproj", "{43BACD90-FF4B-4FF2-8FF1-026556AA2C12}"
EndProject
Project("{FAE04EC0-301F-11D3-BF4B-00C04F79EFBC}") = "Ngs.Common.Extensions", "Common\Ngs.Common.Extensions\Ngs.Common.Extensions.csproj", "{30F0F7E0-2AD9-4E05-92D5-C335746D8F4D}"
EndProject
Project("{FAE04EC0-301F-11D3-BF4B-00C04F79EFBC}") = "Ngs.Common.File", "Common\Ngs.Common.File\Ngs.Common.File.csproj", "{25B95D51-64B1-4328-9C1F-3919571ADC81}"
EndProject
Project("{FAE04EC0-301F-11D3-BF4B-00C04F79EFBC}") = "Ngs.Common.Mediator.Broker", "Common\Ngs.Common.Mediator.Broker\Ngs.Common.Mediator.Broker.csproj", "{6D440A54-80B6-4906-9096-684629AB208B}"
EndProject
Project("{FAE04EC0-301F-11D3-BF4B-00C04F79EFBC}") = "Ngs.Common.Tools.Color", "Common\Ngs.Common.Tools.Color\Ngs.Common.Tools.Color.csproj", "{68AA33B8-B02A-41E2-940F-5A052B607B1F}"
EndProject
Project("{FAE04EC0-301F-11D3-BF4B-00C04F79EFBC}") = "Ngs.Common.Tools.Conversion", "Common\Ngs.Common.Tools.Conversion\Ngs.Common.Tools.Conversion.csproj", "{179E6CFD-E853-4982-B34C-B8B9F48398F6}"
EndProject
Project("{FAE04EC0-301F-11D3-BF4B-00C04F79EFBC}") = "Ngs.Common.Tools.Encryption", "Common\Ngs.Common.Tools.Encryption\Ngs.Common.Tools.Encryption.csproj", "{8A5EAEE1-C561-41FA-B055-B2201B9C32D4}"
EndProject
Project("{FAE04EC0-301F-11D3-BF4B-00C04F79EFBC}") = "Ngs.Common.Tools.Hash", "Common\Ngs.Common.Tools.Hash\Ngs.Common.Tools.Hash.csproj", "{B8BEFAEB-08B7-4CCD-BAC9-68D6FB8C23B7}"
EndProject
Project("{FAE04EC0-301F-11D3-BF4B-00C04F79EFBC}") = "Ngs.Common.Tools.Image", "Common\Ngs.Common.Tools.Image\Ngs.Common.Tools.Image.csproj", "{9A803EAA-1CEC-4C6F-B5D8-F04DE54A5C4B}"
EndProject
Project("{FAE04EC0-301F-11D3-BF4B-00C04F79EFBC}") = "Ngs.Common.Tools.Network", "Common\Ngs.Common.Tools.Network\Ngs.Common.Tools.Network.csproj", "{C821D77A-D93F-4733-AA01-1D71779B0727}"
EndProject
Project("{FAE04EC0-301F-11D3-BF4B-00C04F79EFBC}") = "Ngs.Common.Tools.Web", "Common\Ngs.Common.Tools.Web\Ngs.Common.Tools.Web.csproj", "{43169A5C-A416-4068-A77A-6C54811F9EA7}"
EndProject
Project("{FAE04EC0-301F-11D3-BF4B-00C04F79EFBC}") = "Net.Glow.Studios.CryptoShield.Tests", "CommonTests\Net.Glow.Studios.CryptoShield.Tests\Net.Glow.Studios.CryptoShield.Tests.csproj", "{8DBECC9F-C231-4F55-ACC0-32E4A5BBD2DB}"
EndProject
Project("{FAE04EC0-301F-11D3-BF4B-00C04F79EFBC}") = "Ngs.Common.File.Tests", "CommonTests\Ngs.Common.File.Tests\Ngs.Common.File.Tests.csproj", "{0C4C62DD-0AEC-4EAC-A3D0-6AA90FB02162}"
EndProject
Project("{FAE04EC0-301F-11D3-BF4B-00C04F79EFBC}") = "Ngs.Common.Mediator.Tests", "CommonTests\Ngs.Common.Mediator.Tests\Ngs.Common.Mediator.Tests.csproj", "{2D811B93-6ACC-4510-83E8-AAF17AE64A0F}"
EndProject
Project("{FAE04EC0-301F-11D3-BF4B-00C04F79EFBC}") = "Ngs.Common.Notify.Tests", "CommonTests\Ngs.Common.Notify.Tests\Ngs.Common.Notify.Tests.csproj", "{2D7BBA8E-ED19-4FB3-A9D0-40CCD34BA6A9}"
EndProject
Project("{FAE04EC0-301F-11D3-BF4B-00C04F79EFBC}") = "Ngs.Common.Tools.Color.Tests", "CommonTests\Ngs.Common.Tools.Color.Tests\Ngs.Common.Tools.Color.Tests.csproj", "{806FE255-092D-4A69-A43E-B4A552564DA2}"
EndProject
Project("{FAE04EC0-301F-11D3-BF4B-00C04F79EFBC}") = "Ngs.Common.Tools.Conversion.Tests", "CommonTests\Ngs.Common.Tools.Conversion.Tests\Ngs.Common.Tools.Conversion.Tests.csproj", "{0DDEC836-472D-4586-8BA2-4C4E9E0BC639}"
EndProject
Project("{FAE04EC0-301F-11D3-BF4B-00C04F79EFBC}") = "Ngs.Common.Tools.Network.Tests", "CommonTests\Ngs.Common.Tools.Network.Tests\Ngs.Common.Tools.Network.Tests.csproj", "{A842F82C-38C9-46F2-AEB4-98CB6AD220D1}"
EndProject
Project("{FAE04EC0-301F-11D3-BF4B-00C04F79EFBC}") = "Ngs.Common.Tools.Web.Tests", "CommonTests\Ngs.Common.Tools.Web.Tests\Ngs.Common.Tools.Web.Tests.csproj", "{1AA22990-2161-43E9-9CD0-0F6C4DC28366}"
EndProject
Project("{FAE04EC0-301F-11D3-BF4B-00C04F79EFBC}") = "Ngs.MicroServices.MinecraftHost", "Microservices\Ngs.MicroServices.MinecraftHost\Ngs.MicroServices.MinecraftHost.csproj", "{07758A26-8B29-4E98-B4CA-50F5AD89C6DC}"
EndProject
Global
	GlobalSection(SolutionConfigurationPlatforms) = preSolution
		Debug|Any CPU = Debug|Any CPU
		Release|Any CPU = Release|Any CPU
	EndGlobalSection
	GlobalSection(ProjectConfigurationPlatforms) = postSolution
		{71A6FAA5-7B16-485F-9EDB-1295C2EF72D3}.Debug|Any CPU.ActiveCfg = Debug|Any CPU
		{71A6FAA5-7B16-485F-9EDB-1295C2EF72D3}.Debug|Any CPU.Build.0 = Debug|Any CPU
		{71A6FAA5-7B16-485F-9EDB-1295C2EF72D3}.Release|Any CPU.ActiveCfg = Release|Any CPU
		{71A6FAA5-7B16-485F-9EDB-1295C2EF72D3}.Release|Any CPU.Build.0 = Release|Any CPU
		{14E4D7CA-EF31-4E60-AE18-DF93D9B44939}.Debug|Any CPU.ActiveCfg = Debug|Any CPU
		{14E4D7CA-EF31-4E60-AE18-DF93D9B44939}.Debug|Any CPU.Build.0 = Debug|Any CPU
		{14E4D7CA-EF31-4E60-AE18-DF93D9B44939}.Release|Any CPU.ActiveCfg = Release|Any CPU
		{14E4D7CA-EF31-4E60-AE18-DF93D9B44939}.Release|Any CPU.Build.0 = Release|Any CPU
		{A9A6CA25-9274-4F43-B645-72C3E23517F1}.Debug|Any CPU.ActiveCfg = Debug|Any CPU
		{A9A6CA25-9274-4F43-B645-72C3E23517F1}.Debug|Any CPU.Build.0 = Debug|Any CPU
		{A9A6CA25-9274-4F43-B645-72C3E23517F1}.Release|Any CPU.ActiveCfg = Release|Any CPU
		{A9A6CA25-9274-4F43-B645-72C3E23517F1}.Release|Any CPU.Build.0 = Release|Any CPU
		{1A5814B0-6181-419E-B4BC-9299CDC9010D}.Debug|Any CPU.ActiveCfg = Debug|Any CPU
		{1A5814B0-6181-419E-B4BC-9299CDC9010D}.Debug|Any CPU.Build.0 = Debug|Any CPU
		{1A5814B0-6181-419E-B4BC-9299CDC9010D}.Release|Any CPU.ActiveCfg = Release|Any CPU
		{1A5814B0-6181-419E-B4BC-9299CDC9010D}.Release|Any CPU.Build.0 = Release|Any CPU
		{A5F360C7-A202-4750-A4BD-EEB27672FE7C}.Debug|Any CPU.ActiveCfg = Debug|Any CPU
		{A5F360C7-A202-4750-A4BD-EEB27672FE7C}.Debug|Any CPU.Build.0 = Debug|Any CPU
		{A5F360C7-A202-4750-A4BD-EEB27672FE7C}.Release|Any CPU.ActiveCfg = Release|Any CPU
		{A5F360C7-A202-4750-A4BD-EEB27672FE7C}.Release|Any CPU.Build.0 = Release|Any CPU
		{73DCA139-A6DA-4EB4-8ABD-E5834F63227E}.Debug|Any CPU.ActiveCfg = Debug|Any CPU
		{73DCA139-A6DA-4EB4-8ABD-E5834F63227E}.Debug|Any CPU.Build.0 = Debug|Any CPU
		{73DCA139-A6DA-4EB4-8ABD-E5834F63227E}.Release|Any CPU.ActiveCfg = Release|Any CPU
		{73DCA139-A6DA-4EB4-8ABD-E5834F63227E}.Release|Any CPU.Build.0 = Release|Any CPU
		{BF7A6F94-7E8B-4090-A6C3-901DCEFD212E}.Debug|Any CPU.ActiveCfg = Debug|Any CPU
		{BF7A6F94-7E8B-4090-A6C3-901DCEFD212E}.Debug|Any CPU.Build.0 = Debug|Any CPU
		{BF7A6F94-7E8B-4090-A6C3-901DCEFD212E}.Release|Any CPU.ActiveCfg = Release|Any CPU
		{BF7A6F94-7E8B-4090-A6C3-901DCEFD212E}.Release|Any CPU.Build.0 = Release|Any CPU
		{B3B24692-A735-440A-BD80-E665E31122FC}.Debug|Any CPU.ActiveCfg = Debug|Any CPU
		{B3B24692-A735-440A-BD80-E665E31122FC}.Debug|Any CPU.Build.0 = Debug|Any CPU
		{B3B24692-A735-440A-BD80-E665E31122FC}.Release|Any CPU.ActiveCfg = Release|Any CPU
		{B3B24692-A735-440A-BD80-E665E31122FC}.Release|Any CPU.Build.0 = Release|Any CPU
		{43BACD90-FF4B-4FF2-8FF1-026556AA2C12}.Debug|Any CPU.ActiveCfg = Debug|Any CPU
		{43BACD90-FF4B-4FF2-8FF1-026556AA2C12}.Debug|Any CPU.Build.0 = Debug|Any CPU
		{43BACD90-FF4B-4FF2-8FF1-026556AA2C12}.Release|Any CPU.ActiveCfg = Release|Any CPU
		{43BACD90-FF4B-4FF2-8FF1-026556AA2C12}.Release|Any CPU.Build.0 = Release|Any CPU
		{30F0F7E0-2AD9-4E05-92D5-C335746D8F4D}.Debug|Any CPU.ActiveCfg = Debug|Any CPU
		{30F0F7E0-2AD9-4E05-92D5-C335746D8F4D}.Debug|Any CPU.Build.0 = Debug|Any CPU
		{30F0F7E0-2AD9-4E05-92D5-C335746D8F4D}.Release|Any CPU.ActiveCfg = Release|Any CPU
		{30F0F7E0-2AD9-4E05-92D5-C335746D8F4D}.Release|Any CPU.Build.0 = Release|Any CPU
		{25B95D51-64B1-4328-9C1F-3919571ADC81}.Debug|Any CPU.ActiveCfg = Debug|Any CPU
		{25B95D51-64B1-4328-9C1F-3919571ADC81}.Debug|Any CPU.Build.0 = Debug|Any CPU
		{25B95D51-64B1-4328-9C1F-3919571ADC81}.Release|Any CPU.ActiveCfg = Release|Any CPU
		{25B95D51-64B1-4328-9C1F-3919571ADC81}.Release|Any CPU.Build.0 = Release|Any CPU
		{6D440A54-80B6-4906-9096-684629AB208B}.Debug|Any CPU.ActiveCfg = Debug|Any CPU
		{6D440A54-80B6-4906-9096-684629AB208B}.Debug|Any CPU.Build.0 = Debug|Any CPU
		{6D440A54-80B6-4906-9096-684629AB208B}.Release|Any CPU.ActiveCfg = Release|Any CPU
		{6D440A54-80B6-4906-9096-684629AB208B}.Release|Any CPU.Build.0 = Release|Any CPU
		{68AA33B8-B02A-41E2-940F-5A052B607B1F}.Debug|Any CPU.ActiveCfg = Debug|Any CPU
		{68AA33B8-B02A-41E2-940F-5A052B607B1F}.Debug|Any CPU.Build.0 = Debug|Any CPU
		{68AA33B8-B02A-41E2-940F-5A052B607B1F}.Release|Any CPU.ActiveCfg = Release|Any CPU
		{68AA33B8-B02A-41E2-940F-5A052B607B1F}.Release|Any CPU.Build.0 = Release|Any CPU
		{179E6CFD-E853-4982-B34C-B8B9F48398F6}.Debug|Any CPU.ActiveCfg = Debug|Any CPU
		{179E6CFD-E853-4982-B34C-B8B9F48398F6}.Debug|Any CPU.Build.0 = Debug|Any CPU
		{179E6CFD-E853-4982-B34C-B8B9F48398F6}.Release|Any CPU.ActiveCfg = Release|Any CPU
		{179E6CFD-E853-4982-B34C-B8B9F48398F6}.Release|Any CPU.Build.0 = Release|Any CPU
		{8A5EAEE1-C561-41FA-B055-B2201B9C32D4}.Debug|Any CPU.ActiveCfg = Debug|Any CPU
		{8A5EAEE1-C561-41FA-B055-B2201B9C32D4}.Debug|Any CPU.Build.0 = Debug|Any CPU
		{8A5EAEE1-C561-41FA-B055-B2201B9C32D4}.Release|Any CPU.ActiveCfg = Release|Any CPU
		{8A5EAEE1-C561-41FA-B055-B2201B9C32D4}.Release|Any CPU.Build.0 = Release|Any CPU
		{B8BEFAEB-08B7-4CCD-BAC9-68D6FB8C23B7}.Debug|Any CPU.ActiveCfg = Debug|Any CPU
		{B8BEFAEB-08B7-4CCD-BAC9-68D6FB8C23B7}.Debug|Any CPU.Build.0 = Debug|Any CPU
		{B8BEFAEB-08B7-4CCD-BAC9-68D6FB8C23B7}.Release|Any CPU.ActiveCfg = Release|Any CPU
		{B8BEFAEB-08B7-4CCD-BAC9-68D6FB8C23B7}.Release|Any CPU.Build.0 = Release|Any CPU
		{9A803EAA-1CEC-4C6F-B5D8-F04DE54A5C4B}.Debug|Any CPU.ActiveCfg = Debug|Any CPU
		{9A803EAA-1CEC-4C6F-B5D8-F04DE54A5C4B}.Debug|Any CPU.Build.0 = Debug|Any CPU
		{9A803EAA-1CEC-4C6F-B5D8-F04DE54A5C4B}.Release|Any CPU.ActiveCfg = Release|Any CPU
		{9A803EAA-1CEC-4C6F-B5D8-F04DE54A5C4B}.Release|Any CPU.Build.0 = Release|Any CPU
		{C821D77A-D93F-4733-AA01-1D71779B0727}.Debug|Any CPU.ActiveCfg = Debug|Any CPU
		{C821D77A-D93F-4733-AA01-1D71779B0727}.Debug|Any CPU.Build.0 = Debug|Any CPU
		{C821D77A-D93F-4733-AA01-1D71779B0727}.Release|Any CPU.ActiveCfg = Release|Any CPU
		{C821D77A-D93F-4733-AA01-1D71779B0727}.Release|Any CPU.Build.0 = Release|Any CPU
		{43169A5C-A416-4068-A77A-6C54811F9EA7}.Debug|Any CPU.ActiveCfg = Debug|Any CPU
		{43169A5C-A416-4068-A77A-6C54811F9EA7}.Debug|Any CPU.Build.0 = Debug|Any CPU
		{43169A5C-A416-4068-A77A-6C54811F9EA7}.Release|Any CPU.ActiveCfg = Release|Any CPU
		{43169A5C-A416-4068-A77A-6C54811F9EA7}.Release|Any CPU.Build.0 = Release|Any CPU
		{8DBECC9F-C231-4F55-ACC0-32E4A5BBD2DB}.Debug|Any CPU.ActiveCfg = Debug|Any CPU
		{8DBECC9F-C231-4F55-ACC0-32E4A5BBD2DB}.Debug|Any CPU.Build.0 = Debug|Any CPU
		{8DBECC9F-C231-4F55-ACC0-32E4A5BBD2DB}.Release|Any CPU.ActiveCfg = Release|Any CPU
		{8DBECC9F-C231-4F55-ACC0-32E4A5BBD2DB}.Release|Any CPU.Build.0 = Release|Any CPU
		{0C4C62DD-0AEC-4EAC-A3D0-6AA90FB02162}.Debug|Any CPU.ActiveCfg = Debug|Any CPU
		{0C4C62DD-0AEC-4EAC-A3D0-6AA90FB02162}.Debug|Any CPU.Build.0 = Debug|Any CPU
		{0C4C62DD-0AEC-4EAC-A3D0-6AA90FB02162}.Release|Any CPU.ActiveCfg = Release|Any CPU
		{0C4C62DD-0AEC-4EAC-A3D0-6AA90FB02162}.Release|Any CPU.Build.0 = Release|Any CPU
		{2D811B93-6ACC-4510-83E8-AAF17AE64A0F}.Debug|Any CPU.ActiveCfg = Debug|Any CPU
		{2D811B93-6ACC-4510-83E8-AAF17AE64A0F}.Debug|Any CPU.Build.0 = Debug|Any CPU
		{2D811B93-6ACC-4510-83E8-AAF17AE64A0F}.Release|Any CPU.ActiveCfg = Release|Any CPU
		{2D811B93-6ACC-4510-83E8-AAF17AE64A0F}.Release|Any CPU.Build.0 = Release|Any CPU
		{2D7BBA8E-ED19-4FB3-A9D0-40CCD34BA6A9}.Debug|Any CPU.ActiveCfg = Debug|Any CPU
		{2D7BBA8E-ED19-4FB3-A9D0-40CCD34BA6A9}.Debug|Any CPU.Build.0 = Debug|Any CPU
		{2D7BBA8E-ED19-4FB3-A9D0-40CCD34BA6A9}.Release|Any CPU.ActiveCfg = Release|Any CPU
		{2D7BBA8E-ED19-4FB3-A9D0-40CCD34BA6A9}.Release|Any CPU.Build.0 = Release|Any CPU
		{806FE255-092D-4A69-A43E-B4A552564DA2}.Debug|Any CPU.ActiveCfg = Debug|Any CPU
		{806FE255-092D-4A69-A43E-B4A552564DA2}.Debug|Any CPU.Build.0 = Debug|Any CPU
		{806FE255-092D-4A69-A43E-B4A552564DA2}.Release|Any CPU.ActiveCfg = Release|Any CPU
		{806FE255-092D-4A69-A43E-B4A552564DA2}.Release|Any CPU.Build.0 = Release|Any CPU
		{0DDEC836-472D-4586-8BA2-4C4E9E0BC639}.Debug|Any CPU.ActiveCfg = Debug|Any CPU
		{0DDEC836-472D-4586-8BA2-4C4E9E0BC639}.Debug|Any CPU.Build.0 = Debug|Any CPU
		{0DDEC836-472D-4586-8BA2-4C4E9E0BC639}.Release|Any CPU.ActiveCfg = Release|Any CPU
		{0DDEC836-472D-4586-8BA2-4C4E9E0BC639}.Release|Any CPU.Build.0 = Release|Any CPU
		{A842F82C-38C9-46F2-AEB4-98CB6AD220D1}.Debug|Any CPU.ActiveCfg = Debug|Any CPU
		{A842F82C-38C9-46F2-AEB4-98CB6AD220D1}.Debug|Any CPU.Build.0 = Debug|Any CPU
		{A842F82C-38C9-46F2-AEB4-98CB6AD220D1}.Release|Any CPU.ActiveCfg = Release|Any CPU
		{A842F82C-38C9-46F2-AEB4-98CB6AD220D1}.Release|Any CPU.Build.0 = Release|Any CPU
		{1AA22990-2161-43E9-9CD0-0F6C4DC28366}.Debug|Any CPU.ActiveCfg = Debug|Any CPU
		{1AA22990-2161-43E9-9CD0-0F6C4DC28366}.Debug|Any CPU.Build.0 = Debug|Any CPU
		{1AA22990-2161-43E9-9CD0-0F6C4DC28366}.Release|Any CPU.ActiveCfg = Release|Any CPU
		{1AA22990-2161-43E9-9CD0-0F6C4DC28366}.Release|Any CPU.Build.0 = Release|Any CPU
		{07758A26-8B29-4E98-B4CA-50F5AD89C6DC}.Debug|Any CPU.ActiveCfg = Debug|Any CPU
		{07758A26-8B29-4E98-B4CA-50F5AD89C6DC}.Debug|Any CPU.Build.0 = Debug|Any CPU
		{07758A26-8B29-4E98-B4CA-50F5AD89C6DC}.Release|Any CPU.ActiveCfg = Release|Any CPU
		{07758A26-8B29-4E98-B4CA-50F5AD89C6DC}.Release|Any CPU.Build.0 = Release|Any CPU
	EndGlobalSection
	GlobalSection(NestedProjects) = preSolution
		{AD216135-EEDE-4ADE-B516-4F2B8C493FC3} = {B005A685-E311-408D-8A42-98A927795C5C}
		{F7B2C430-F4B8-4751-ABE0-32B881C48F85} = {B005A685-E311-408D-8A42-98A927795C5C}
		{71A6FAA5-7B16-485F-9EDB-1295C2EF72D3} = {AD216135-EEDE-4ADE-B516-4F2B8C493FC3}
		{14E4D7CA-EF31-4E60-AE18-DF93D9B44939} = {AD216135-EEDE-4ADE-B516-4F2B8C493FC3}
		{A9A6CA25-9274-4F43-B645-72C3E23517F1} = {AD216135-EEDE-4ADE-B516-4F2B8C493FC3}
		{1A5814B0-6181-419E-B4BC-9299CDC9010D} = {AD216135-EEDE-4ADE-B516-4F2B8C493FC3}
		{A5F360C7-A202-4750-A4BD-EEB27672FE7C} = {AD216135-EEDE-4ADE-B516-4F2B8C493FC3}
		{73DCA139-A6DA-4EB4-8ABD-E5834F63227E} = {AD216135-EEDE-4ADE-B516-4F2B8C493FC3}
		{BF7A6F94-7E8B-4090-A6C3-901DCEFD212E} = {AD216135-EEDE-4ADE-B516-4F2B8C493FC3}
		{B3B24692-A735-440A-BD80-E665E31122FC} = {AD216135-EEDE-4ADE-B516-4F2B8C493FC3}
		{68AA33B8-B02A-41E2-940F-5A052B607B1F} = {F7B2C430-F4B8-4751-ABE0-32B881C48F85}
		{179E6CFD-E853-4982-B34C-B8B9F48398F6} = {F7B2C430-F4B8-4751-ABE0-32B881C48F85}
		{8A5EAEE1-C561-41FA-B055-B2201B9C32D4} = {F7B2C430-F4B8-4751-ABE0-32B881C48F85}
		{B8BEFAEB-08B7-4CCD-BAC9-68D6FB8C23B7} = {F7B2C430-F4B8-4751-ABE0-32B881C48F85}
		{9A803EAA-1CEC-4C6F-B5D8-F04DE54A5C4B} = {F7B2C430-F4B8-4751-ABE0-32B881C48F85}
		{C821D77A-D93F-4733-AA01-1D71779B0727} = {F7B2C430-F4B8-4751-ABE0-32B881C48F85}
		{43169A5C-A416-4068-A77A-6C54811F9EA7} = {F7B2C430-F4B8-4751-ABE0-32B881C48F85}
		{43BACD90-FF4B-4FF2-8FF1-026556AA2C12} = {B005A685-E311-408D-8A42-98A927795C5C}
		{30F0F7E0-2AD9-4E05-92D5-C335746D8F4D} = {B005A685-E311-408D-8A42-98A927795C5C}
		{25B95D51-64B1-4328-9C1F-3919571ADC81} = {B005A685-E311-408D-8A42-98A927795C5C}
		{6D440A54-80B6-4906-9096-684629AB208B} = {B005A685-E311-408D-8A42-98A927795C5C}
		{8DBECC9F-C231-4F55-ACC0-32E4A5BBD2DB} = {280588B9-AD6A-43B6-AF85-1E2266100D30}
		{0C4C62DD-0AEC-4EAC-A3D0-6AA90FB02162} = {280588B9-AD6A-43B6-AF85-1E2266100D30}
		{2D811B93-6ACC-4510-83E8-AAF17AE64A0F} = {280588B9-AD6A-43B6-AF85-1E2266100D30}
		{2D7BBA8E-ED19-4FB3-A9D0-40CCD34BA6A9} = {280588B9-AD6A-43B6-AF85-1E2266100D30}
		{806FE255-092D-4A69-A43E-B4A552564DA2} = {280588B9-AD6A-43B6-AF85-1E2266100D30}
		{0DDEC836-472D-4586-8BA2-4C4E9E0BC639} = {280588B9-AD6A-43B6-AF85-1E2266100D30}
		{A842F82C-38C9-46F2-AEB4-98CB6AD220D1} = {280588B9-AD6A-43B6-AF85-1E2266100D30}
		{1AA22990-2161-43E9-9CD0-0F6C4DC28366} = {280588B9-AD6A-43B6-AF85-1E2266100D30}
		{07758A26-8B29-4E98-B4CA-50F5AD89C6DC} = {42457278-B5B1-4D1B-BD35-669327D2866B}
	EndGlobalSection
EndGlobal
