
Microsoft Visual Studio Solution File, Format Version 12.00
Project("{2150E333-8FDC-42A3-9474-1A3956D46DE8}") = "Common", "Common", "{C0CF9971-21FA-47D4-A3D5-876026692AC6}"
EndProject
Project("{FAE04EC0-301F-11D3-BF4B-00C04F79EFBC}") = "Ngs.Common.File", "Ngs.Common.File\Ngs.Common.File.csproj", "{9B48ED75-9136-47E7-88F6-5271CB93A61C}"
EndProject
Project("{FAE04EC0-301F-11D3-BF4B-00C04F79EFBC}") = "Ngs.Common.Notify", "Ngs.Common.Notify\Ngs.Common.Notify.csproj", "{A293D84C-7A57-4E8E-91E5-7CDDF4F57FF9}"
EndProject
Project("{FAE04EC0-301F-11D3-BF4B-00C04F79EFBC}") = "Ngs.Common.Extensions", "Ngs.Common.Extensions\Ngs.Common.Extensions.csproj", "{E59791BC-0C46-43DB-85C6-9814D0E9EFB3}"
EndProject
Project("{2150E333-8FDC-42A3-9474-1A3956D46DE8}") = "Tests", "Tests", "{9A09B723-EC1E-4A61-9D6F-B46040FA6129}"
EndProject
Project("{FAE04EC0-301F-11D3-BF4B-00C04F79EFBC}") = "Ngs.Common.Notify.Tests", "Ngs.Common.Notify.Tests\Ngs.Common.Notify.Tests.csproj", "{56E07290-2DA8-42A7-B840-F2019402430C}"
EndProject
Project("{FAE04EC0-301F-11D3-BF4B-00C04F79EFBC}") = "Ngs.Common.File.Tests", "Ngs.Common.File.Tests\Ngs.Common.File.Tests.csproj", "{6203C867-B9CF-416C-B6E0-07F02225E493}"
EndProject
Project("{FAE04EC0-301F-11D3-BF4B-00C04F79EFBC}") = "Ngs.Common.Mediator.Broker", "Ngs.Common.Mediator.Broker\Ngs.Common.Mediator.Broker.csproj", "{4E1E3940-333F-46C7-A387-8AB6336BA2E8}"
EndProject
Project("{FAE04EC0-301F-11D3-BF4B-00C04F79EFBC}") = "Ngs.Common.Mediator.Tests", "Ngs.Common.Mediator.Tests\Ngs.Common.Mediator.Tests.csproj", "{A96F0C8A-5E93-4A4A-99F6-D445E6080841}"
EndProject
Project("{FAE04EC0-301F-11D3-BF4B-00C04F79EFBC}") = "Ngs.Common.CryptoShield", "Ngs.Common.CryptoShield\Ngs.Common.CryptoShield.csproj", "{5381CFA0-C39A-48E8-9C4F-5E67D96FA374}"
EndProject
Project("{FAE04EC0-301F-11D3-BF4B-00C04F79EFBC}") = "Net.Glow.Studios.CryptoShield.Tests", "Net.Glow.Studios.CryptoShield.Tests\Net.Glow.Studios.CryptoShield.Tests.csproj", "{6DE42220-F56D-4551-B70C-8486A71A58AC}"
EndProject
Project("{FAE04EC0-301F-11D3-BF4B-00C04F79EFBC}") = "Ngs.Common.Tools.Network", "Ngs.Common.Tools.Network\Ngs.Common.Tools.Network.csproj", "{856694A3-CEF2-41C3-B753-B2E5527D7F74}"
EndProject
Project("{FAE04EC0-301F-11D3-BF4B-00C04F79EFBC}") = "Ngs.Common.Tools.Web", "Ngs.Common.Tools.Web\Ngs.Common.Tools.Web.csproj", "{31EB5D8F-2AD9-4708-87B7-132205EA075B}"
EndProject
Project("{FAE04EC0-301F-11D3-BF4B-00C04F79EFBC}") = "Ngs.Common.Tools.Color", "Ngs.Common.Tools.Color\Ngs.Common.Tools.Color.csproj", "{0F8FC5FF-7A21-425D-8C06-9868C123E186}"
EndProject
Project("{FAE04EC0-301F-11D3-BF4B-00C04F79EFBC}") = "Ngs.Common.Tools.Image", "Ngs.Common.Tools.Image\Ngs.Common.Tools.Image.csproj", "{01D52430-4429-4243-AABE-FAAEF3C3AA88}"
EndProject
Project("{FAE04EC0-301F-11D3-BF4B-00C04F79EFBC}") = "Ngs.Common.Tools.Encryption", "Ngs.Common.Tools.Encryption\Ngs.Common.Tools.Encryption.csproj", "{DFDE73E3-AC78-498C-85EB-53BD0B340CF2}"
EndProject
Project("{FAE04EC0-301F-11D3-BF4B-00C04F79EFBC}") = "Ngs.Common.Tools.Hash", "Ngs.Common.Tools.Hash\Ngs.Common.Tools.Hash.csproj", "{41F88A70-77C0-471D-BF84-6176B0AA31F7}"
EndProject
Project("{FAE04EC0-301F-11D3-BF4B-00C04F79EFBC}") = "Ngs.Common.Tools.Conversion", "Ngs.Common.Tools.Conversion\Ngs.Common.Tools.Conversion.csproj", "{424283DA-60B0-4C5F-B7E0-129D31D28C30}"
EndProject
Project("{2150E333-8FDC-42A3-9474-1A3956D46DE8}") = "Tools", "Tools", "{39E80D76-DCFC-4F10-8B17-EE8E2EF9135B}"
EndProject
Project("{FAE04EC0-301F-11D3-BF4B-00C04F79EFBC}") = "Ngs.Common.Tools.Conversion.Tests", "Ngs.Common.Tools.Conversion.Tests\Ngs.Common.Tools.Conversion.Tests.csproj", "{D26AE252-F990-4465-BC5B-94F0583D8F1C}"
EndProject
Project("{2150E333-8FDC-42A3-9474-1A3956D46DE8}") = "Tools", "Tools", "{B8CED6A9-E33D-41C5-9AD5-0A1B4EBB8BCD}"
EndProject
Project("{FAE04EC0-301F-11D3-BF4B-00C04F79EFBC}") = "Ngs.Common.Tools.Color.Tests", "Ngs.Common.Tools.Color.Tests\Ngs.Common.Tools.Color.Tests.csproj", "{C2AE0C9C-25C4-4951-9707-CCC2AE4BDCE0}"
EndProject
Project("{2150E333-8FDC-42A3-9474-1A3956D46DE8}") = "Modules", "Modules", "{6E9A4879-3203-4947-9E5A-C9DD4232721B}"
EndProject
Project("{FAE04EC0-301F-11D3-BF4B-00C04F79EFBC}") = "Ngs.Common.Tools.Network.Tests", "Ngs.Common.Tools.Network.Tests\Ngs.Common.Tools.Network.Tests.csproj", "{147974CB-AC39-4A07-BD99-388906F7E8DD}"
EndProject
Project("{FAE04EC0-301F-11D3-BF4B-00C04F79EFBC}") = "Ngs.Common.Tools.Web.Tests", "Ngs.Common.Tools.Web.Tests\Ngs.Common.Tools.Web.Tests.csproj", "{0A125BC4-45EB-4CC3-8077-4EDFD41FDD0F}"
EndProject
Project("{FAE04EC0-301F-11D3-BF4B-00C04F79EFBC}") = "Ngs.Common.Tools.AspNetCore", "Ngs.Common.Tools.AspNetCore\Ngs.Common.Tools.AspNetCore.csproj", "{630037F5-919F-44E9-8F32-41BBF1CB52F5}"
EndProject
Project("{FAE04EC0-301F-11D3-BF4B-00C04F79EFBC}") = "Ngs.Common.AspNetCore", "Ngs.Common.AspNetCore\Ngs.Common.AspNetCore.csproj", "{6077C8C7-ECFA-42DC-9622-1D0BCB38D6D4}"
EndProject
Project("{FAE04EC0-301F-11D3-BF4B-00C04F79EFBC}") = "Ngs.Common.AspNetCore.Infrastructure", "Ngs.Common.AspNetCore.Infrastructure\Ngs.Common.AspNetCore.Infrastructure.csproj", "{C44474D4-36EE-43FA-AD45-991150AF02B0}"
EndProject
Project("{FAE04EC0-301F-11D3-BF4B-00C04F79EFBC}") = "Ngs.Common.AspNetCore.Tools", "Ngs.Common.AspNetCore.Tools\Ngs.Common.AspNetCore.Tools.csproj", "{8982044B-5787-4829-B1A2-231E20E8366B}"
EndProject
Project("{FAE04EC0-301F-11D3-BF4B-00C04F79EFBC}") = "Ngs.Common.AspNetCore.AccessControl", "Ngs.Common.AspNetCore.AccessControl\Ngs.Common.AspNetCore.AccessControl.csproj", "{DD39B324-0095-48F8-94A8-6CF030512FDC}"
EndProject
Global
	GlobalSection(SolutionConfigurationPlatforms) = preSolution
		Debug|Any CPU = Debug|Any CPU
		Release|Any CPU = Release|Any CPU
	EndGlobalSection
	GlobalSection(ProjectConfigurationPlatforms) = postSolution
		{9B48ED75-9136-47E7-88F6-5271CB93A61C}.Debug|Any CPU.ActiveCfg = Debug|Any CPU
		{9B48ED75-9136-47E7-88F6-5271CB93A61C}.Debug|Any CPU.Build.0 = Debug|Any CPU
		{9B48ED75-9136-47E7-88F6-5271CB93A61C}.Release|Any CPU.ActiveCfg = Release|Any CPU
		{9B48ED75-9136-47E7-88F6-5271CB93A61C}.Release|Any CPU.Build.0 = Release|Any CPU
		{A293D84C-7A57-4E8E-91E5-7CDDF4F57FF9}.Debug|Any CPU.ActiveCfg = Debug|Any CPU
		{A293D84C-7A57-4E8E-91E5-7CDDF4F57FF9}.Debug|Any CPU.Build.0 = Debug|Any CPU
		{A293D84C-7A57-4E8E-91E5-7CDDF4F57FF9}.Release|Any CPU.ActiveCfg = Release|Any CPU
		{A293D84C-7A57-4E8E-91E5-7CDDF4F57FF9}.Release|Any CPU.Build.0 = Release|Any CPU
		{E59791BC-0C46-43DB-85C6-9814D0E9EFB3}.Debug|Any CPU.ActiveCfg = Debug|Any CPU
		{E59791BC-0C46-43DB-85C6-9814D0E9EFB3}.Debug|Any CPU.Build.0 = Debug|Any CPU
		{E59791BC-0C46-43DB-85C6-9814D0E9EFB3}.Release|Any CPU.ActiveCfg = Release|Any CPU
		{E59791BC-0C46-43DB-85C6-9814D0E9EFB3}.Release|Any CPU.Build.0 = Release|Any CPU
		{56E07290-2DA8-42A7-B840-F2019402430C}.Debug|Any CPU.ActiveCfg = Debug|Any CPU
		{56E07290-2DA8-42A7-B840-F2019402430C}.Debug|Any CPU.Build.0 = Debug|Any CPU
		{56E07290-2DA8-42A7-B840-F2019402430C}.Release|Any CPU.ActiveCfg = Release|Any CPU
		{56E07290-2DA8-42A7-B840-F2019402430C}.Release|Any CPU.Build.0 = Release|Any CPU
		{6203C867-B9CF-416C-B6E0-07F02225E493}.Debug|Any CPU.ActiveCfg = Debug|Any CPU
		{6203C867-B9CF-416C-B6E0-07F02225E493}.Debug|Any CPU.Build.0 = Debug|Any CPU
		{6203C867-B9CF-416C-B6E0-07F02225E493}.Release|Any CPU.ActiveCfg = Release|Any CPU
		{6203C867-B9CF-416C-B6E0-07F02225E493}.Release|Any CPU.Build.0 = Release|Any CPU
		{4E1E3940-333F-46C7-A387-8AB6336BA2E8}.Debug|Any CPU.ActiveCfg = Debug|Any CPU
		{4E1E3940-333F-46C7-A387-8AB6336BA2E8}.Debug|Any CPU.Build.0 = Debug|Any CPU
		{4E1E3940-333F-46C7-A387-8AB6336BA2E8}.Release|Any CPU.ActiveCfg = Release|Any CPU
		{4E1E3940-333F-46C7-A387-8AB6336BA2E8}.Release|Any CPU.Build.0 = Release|Any CPU
		{A96F0C8A-5E93-4A4A-99F6-D445E6080841}.Debug|Any CPU.ActiveCfg = Debug|Any CPU
		{A96F0C8A-5E93-4A4A-99F6-D445E6080841}.Debug|Any CPU.Build.0 = Debug|Any CPU
		{A96F0C8A-5E93-4A4A-99F6-D445E6080841}.Release|Any CPU.ActiveCfg = Release|Any CPU
		{A96F0C8A-5E93-4A4A-99F6-D445E6080841}.Release|Any CPU.Build.0 = Release|Any CPU
		{5381CFA0-C39A-48E8-9C4F-5E67D96FA374}.Debug|Any CPU.ActiveCfg = Debug|Any CPU
		{5381CFA0-C39A-48E8-9C4F-5E67D96FA374}.Debug|Any CPU.Build.0 = Debug|Any CPU
		{5381CFA0-C39A-48E8-9C4F-5E67D96FA374}.Release|Any CPU.ActiveCfg = Release|Any CPU
		{5381CFA0-C39A-48E8-9C4F-5E67D96FA374}.Release|Any CPU.Build.0 = Release|Any CPU
		{6DE42220-F56D-4551-B70C-8486A71A58AC}.Debug|Any CPU.ActiveCfg = Debug|Any CPU
		{6DE42220-F56D-4551-B70C-8486A71A58AC}.Debug|Any CPU.Build.0 = Debug|Any CPU
		{6DE42220-F56D-4551-B70C-8486A71A58AC}.Release|Any CPU.ActiveCfg = Release|Any CPU
		{6DE42220-F56D-4551-B70C-8486A71A58AC}.Release|Any CPU.Build.0 = Release|Any CPU
		{856694A3-CEF2-41C3-B753-B2E5527D7F74}.Debug|Any CPU.ActiveCfg = Debug|Any CPU
		{856694A3-CEF2-41C3-B753-B2E5527D7F74}.Debug|Any CPU.Build.0 = Debug|Any CPU
		{856694A3-CEF2-41C3-B753-B2E5527D7F74}.Release|Any CPU.ActiveCfg = Release|Any CPU
		{856694A3-CEF2-41C3-B753-B2E5527D7F74}.Release|Any CPU.Build.0 = Release|Any CPU
		{31EB5D8F-2AD9-4708-87B7-132205EA075B}.Debug|Any CPU.ActiveCfg = Debug|Any CPU
		{31EB5D8F-2AD9-4708-87B7-132205EA075B}.Debug|Any CPU.Build.0 = Debug|Any CPU
		{31EB5D8F-2AD9-4708-87B7-132205EA075B}.Release|Any CPU.ActiveCfg = Release|Any CPU
		{31EB5D8F-2AD9-4708-87B7-132205EA075B}.Release|Any CPU.Build.0 = Release|Any CPU
		{0F8FC5FF-7A21-425D-8C06-9868C123E186}.Debug|Any CPU.ActiveCfg = Debug|Any CPU
		{0F8FC5FF-7A21-425D-8C06-9868C123E186}.Debug|Any CPU.Build.0 = Debug|Any CPU
		{0F8FC5FF-7A21-425D-8C06-9868C123E186}.Release|Any CPU.ActiveCfg = Release|Any CPU
		{0F8FC5FF-7A21-425D-8C06-9868C123E186}.Release|Any CPU.Build.0 = Release|Any CPU
		{01D52430-4429-4243-AABE-FAAEF3C3AA88}.Debug|Any CPU.ActiveCfg = Debug|Any CPU
		{01D52430-4429-4243-AABE-FAAEF3C3AA88}.Debug|Any CPU.Build.0 = Debug|Any CPU
		{01D52430-4429-4243-AABE-FAAEF3C3AA88}.Release|Any CPU.ActiveCfg = Release|Any CPU
		{01D52430-4429-4243-AABE-FAAEF3C3AA88}.Release|Any CPU.Build.0 = Release|Any CPU
		{DFDE73E3-AC78-498C-85EB-53BD0B340CF2}.Debug|Any CPU.ActiveCfg = Debug|Any CPU
		{DFDE73E3-AC78-498C-85EB-53BD0B340CF2}.Debug|Any CPU.Build.0 = Debug|Any CPU
		{DFDE73E3-AC78-498C-85EB-53BD0B340CF2}.Release|Any CPU.ActiveCfg = Release|Any CPU
		{DFDE73E3-AC78-498C-85EB-53BD0B340CF2}.Release|Any CPU.Build.0 = Release|Any CPU
		{41F88A70-77C0-471D-BF84-6176B0AA31F7}.Debug|Any CPU.ActiveCfg = Debug|Any CPU
		{41F88A70-77C0-471D-BF84-6176B0AA31F7}.Debug|Any CPU.Build.0 = Debug|Any CPU
		{41F88A70-77C0-471D-BF84-6176B0AA31F7}.Release|Any CPU.ActiveCfg = Release|Any CPU
		{41F88A70-77C0-471D-BF84-6176B0AA31F7}.Release|Any CPU.Build.0 = Release|Any CPU
		{424283DA-60B0-4C5F-B7E0-129D31D28C30}.Debug|Any CPU.ActiveCfg = Debug|Any CPU
		{424283DA-60B0-4C5F-B7E0-129D31D28C30}.Debug|Any CPU.Build.0 = Debug|Any CPU
		{424283DA-60B0-4C5F-B7E0-129D31D28C30}.Release|Any CPU.ActiveCfg = Release|Any CPU
		{424283DA-60B0-4C5F-B7E0-129D31D28C30}.Release|Any CPU.Build.0 = Release|Any CPU
		{D26AE252-F990-4465-BC5B-94F0583D8F1C}.Debug|Any CPU.ActiveCfg = Debug|Any CPU
		{D26AE252-F990-4465-BC5B-94F0583D8F1C}.Debug|Any CPU.Build.0 = Debug|Any CPU
		{D26AE252-F990-4465-BC5B-94F0583D8F1C}.Release|Any CPU.ActiveCfg = Release|Any CPU
		{D26AE252-F990-4465-BC5B-94F0583D8F1C}.Release|Any CPU.Build.0 = Release|Any CPU
		{C2AE0C9C-25C4-4951-9707-CCC2AE4BDCE0}.Debug|Any CPU.ActiveCfg = Debug|Any CPU
		{C2AE0C9C-25C4-4951-9707-CCC2AE4BDCE0}.Debug|Any CPU.Build.0 = Debug|Any CPU
		{C2AE0C9C-25C4-4951-9707-CCC2AE4BDCE0}.Release|Any CPU.ActiveCfg = Release|Any CPU
		{C2AE0C9C-25C4-4951-9707-CCC2AE4BDCE0}.Release|Any CPU.Build.0 = Release|Any CPU
		{147974CB-AC39-4A07-BD99-388906F7E8DD}.Debug|Any CPU.ActiveCfg = Debug|Any CPU
		{147974CB-AC39-4A07-BD99-388906F7E8DD}.Debug|Any CPU.Build.0 = Debug|Any CPU
		{147974CB-AC39-4A07-BD99-388906F7E8DD}.Release|Any CPU.ActiveCfg = Release|Any CPU
		{147974CB-AC39-4A07-BD99-388906F7E8DD}.Release|Any CPU.Build.0 = Release|Any CPU
		{0A125BC4-45EB-4CC3-8077-4EDFD41FDD0F}.Debug|Any CPU.ActiveCfg = Debug|Any CPU
		{0A125BC4-45EB-4CC3-8077-4EDFD41FDD0F}.Debug|Any CPU.Build.0 = Debug|Any CPU
		{0A125BC4-45EB-4CC3-8077-4EDFD41FDD0F}.Release|Any CPU.ActiveCfg = Release|Any CPU
		{0A125BC4-45EB-4CC3-8077-4EDFD41FDD0F}.Release|Any CPU.Build.0 = Release|Any CPU
		{630037F5-919F-44E9-8F32-41BBF1CB52F5}.Debug|Any CPU.ActiveCfg = Debug|Any CPU
		{630037F5-919F-44E9-8F32-41BBF1CB52F5}.Debug|Any CPU.Build.0 = Debug|Any CPU
		{630037F5-919F-44E9-8F32-41BBF1CB52F5}.Release|Any CPU.ActiveCfg = Release|Any CPU
		{630037F5-919F-44E9-8F32-41BBF1CB52F5}.Release|Any CPU.Build.0 = Release|Any CPU
		{6077C8C7-ECFA-42DC-9622-1D0BCB38D6D4}.Debug|Any CPU.ActiveCfg = Debug|Any CPU
		{6077C8C7-ECFA-42DC-9622-1D0BCB38D6D4}.Debug|Any CPU.Build.0 = Debug|Any CPU
		{6077C8C7-ECFA-42DC-9622-1D0BCB38D6D4}.Release|Any CPU.ActiveCfg = Release|Any CPU
		{6077C8C7-ECFA-42DC-9622-1D0BCB38D6D4}.Release|Any CPU.Build.0 = Release|Any CPU
		{C44474D4-36EE-43FA-AD45-991150AF02B0}.Debug|Any CPU.ActiveCfg = Debug|Any CPU
		{C44474D4-36EE-43FA-AD45-991150AF02B0}.Debug|Any CPU.Build.0 = Debug|Any CPU
		{C44474D4-36EE-43FA-AD45-991150AF02B0}.Release|Any CPU.ActiveCfg = Release|Any CPU
		{C44474D4-36EE-43FA-AD45-991150AF02B0}.Release|Any CPU.Build.0 = Release|Any CPU
		{8982044B-5787-4829-B1A2-231E20E8366B}.Debug|Any CPU.ActiveCfg = Debug|Any CPU
		{8982044B-5787-4829-B1A2-231E20E8366B}.Debug|Any CPU.Build.0 = Debug|Any CPU
		{8982044B-5787-4829-B1A2-231E20E8366B}.Release|Any CPU.ActiveCfg = Release|Any CPU
		{8982044B-5787-4829-B1A2-231E20E8366B}.Release|Any CPU.Build.0 = Release|Any CPU
		{DD39B324-0095-48F8-94A8-6CF030512FDC}.Debug|Any CPU.ActiveCfg = Debug|Any CPU
		{DD39B324-0095-48F8-94A8-6CF030512FDC}.Debug|Any CPU.Build.0 = Debug|Any CPU
		{DD39B324-0095-48F8-94A8-6CF030512FDC}.Release|Any CPU.ActiveCfg = Release|Any CPU
		{DD39B324-0095-48F8-94A8-6CF030512FDC}.Release|Any CPU.Build.0 = Release|Any CPU
	EndGlobalSection
	GlobalSection(NestedProjects) = preSolution
		{56E07290-2DA8-42A7-B840-F2019402430C} = {9A09B723-EC1E-4A61-9D6F-B46040FA6129}
		{6203C867-B9CF-416C-B6E0-07F02225E493} = {9A09B723-EC1E-4A61-9D6F-B46040FA6129}
		{A96F0C8A-5E93-4A4A-99F6-D445E6080841} = {9A09B723-EC1E-4A61-9D6F-B46040FA6129}
		{6DE42220-F56D-4551-B70C-8486A71A58AC} = {9A09B723-EC1E-4A61-9D6F-B46040FA6129}
		{39E80D76-DCFC-4F10-8B17-EE8E2EF9135B} = {C0CF9971-21FA-47D4-A3D5-876026692AC6}
		{0F8FC5FF-7A21-425D-8C06-9868C123E186} = {39E80D76-DCFC-4F10-8B17-EE8E2EF9135B}
		{424283DA-60B0-4C5F-B7E0-129D31D28C30} = {39E80D76-DCFC-4F10-8B17-EE8E2EF9135B}
		{DFDE73E3-AC78-498C-85EB-53BD0B340CF2} = {39E80D76-DCFC-4F10-8B17-EE8E2EF9135B}
		{41F88A70-77C0-471D-BF84-6176B0AA31F7} = {39E80D76-DCFC-4F10-8B17-EE8E2EF9135B}
		{01D52430-4429-4243-AABE-FAAEF3C3AA88} = {39E80D76-DCFC-4F10-8B17-EE8E2EF9135B}
		{856694A3-CEF2-41C3-B753-B2E5527D7F74} = {39E80D76-DCFC-4F10-8B17-EE8E2EF9135B}
		{31EB5D8F-2AD9-4708-87B7-132205EA075B} = {39E80D76-DCFC-4F10-8B17-EE8E2EF9135B}
		{B8CED6A9-E33D-41C5-9AD5-0A1B4EBB8BCD} = {9A09B723-EC1E-4A61-9D6F-B46040FA6129}
		{D26AE252-F990-4465-BC5B-94F0583D8F1C} = {B8CED6A9-E33D-41C5-9AD5-0A1B4EBB8BCD}
		{C2AE0C9C-25C4-4951-9707-CCC2AE4BDCE0} = {B8CED6A9-E33D-41C5-9AD5-0A1B4EBB8BCD}
		{6E9A4879-3203-4947-9E5A-C9DD4232721B} = {C0CF9971-21FA-47D4-A3D5-876026692AC6}
		{5381CFA0-C39A-48E8-9C4F-5E67D96FA374} = {6E9A4879-3203-4947-9E5A-C9DD4232721B}
		{E59791BC-0C46-43DB-85C6-9814D0E9EFB3} = {6E9A4879-3203-4947-9E5A-C9DD4232721B}
		{9B48ED75-9136-47E7-88F6-5271CB93A61C} = {6E9A4879-3203-4947-9E5A-C9DD4232721B}
		{4E1E3940-333F-46C7-A387-8AB6336BA2E8} = {6E9A4879-3203-4947-9E5A-C9DD4232721B}
		{A293D84C-7A57-4E8E-91E5-7CDDF4F57FF9} = {6E9A4879-3203-4947-9E5A-C9DD4232721B}
		{147974CB-AC39-4A07-BD99-388906F7E8DD} = {B8CED6A9-E33D-41C5-9AD5-0A1B4EBB8BCD}
		{0A125BC4-45EB-4CC3-8077-4EDFD41FDD0F} = {B8CED6A9-E33D-41C5-9AD5-0A1B4EBB8BCD}
		{630037F5-919F-44E9-8F32-41BBF1CB52F5} = {39E80D76-DCFC-4F10-8B17-EE8E2EF9135B}
	EndGlobalSection
EndGlobal
